
Microsoft Visual Studio Solution File, Format Version 12.00
# Visual Studio Version 17
VisualStudioVersion = 17.0.31612.314
MinimumVisualStudioVersion = 10.0.40219.1
Project("{9A19103F-16F7-4668-BE54-9A1E7A4F7556}") = "InsuranceSolution.Api", "InsuranceSolution.Api\InsuranceSolution.Api.csproj", "{00AA8EB7-95CC-4572-9244-E7AD76403306}"
EndProject
Project("{9A19103F-16F7-4668-BE54-9A1E7A4F7556}") = "InsuranceSolution.Models", "InsuranceSolution.Models\InsuranceSolution.Models.csproj", "{ED48E617-C171-42FD-A670-CD1188FF0182}"
EndProject
Project("{9A19103F-16F7-4668-BE54-9A1E7A4F7556}") = "InsuranceSolution.Shared", "InsuranceSolution.Shared\InsuranceSolution.Shared.csproj", "{F91A1038-0FEB-4F4D-AE80-DE9E6800AFE9}"
EndProject
Project("{9A19103F-16F7-4668-BE54-9A1E7A4F7556}") = "InsuranceSoluiton.ConsoleClient", "InsuranceSoluiton.Console\InsuranceSoluiton.ConsoleClient.csproj", "{B4821A5C-B36F-4635-B42F-3935C258A5C3}"
EndProject
Project("{2150E333-8FDC-42A3-9474-1A3956D46DE8}") = "Server", "Server", "{2454E7EF-31DE-44EC-B71F-3EE47AAEDF17}"
EndProject
Project("{2150E333-8FDC-42A3-9474-1A3956D46DE8}") = "Client", "Client", "{758E59F7-4AD3-41C4-B6A8-E61BE6EF586A}"
EndProject
Project("{FAE04EC0-301F-11D3-BF4B-00C04F79EFBC}") = "InsuranceSolution.Client.Blazor", "InsuranceSolution.Client.Blazor\InsuranceSolution.Client.Blazor.csproj", "{5B201DDE-6732-4E26-930B-77A76198A5D2}"
EndProject
Global
	GlobalSection(SolutionConfigurationPlatforms) = preSolution
		Debug|Any CPU = Debug|Any CPU
		Release|Any CPU = Release|Any CPU
	EndGlobalSection
	GlobalSection(ProjectConfigurationPlatforms) = postSolution
		{00AA8EB7-95CC-4572-9244-E7AD76403306}.Debug|Any CPU.ActiveCfg = Debug|Any CPU
		{00AA8EB7-95CC-4572-9244-E7AD76403306}.Debug|Any CPU.Build.0 = Debug|Any CPU
		{00AA8EB7-95CC-4572-9244-E7AD76403306}.Release|Any CPU.ActiveCfg = Release|Any CPU
		{00AA8EB7-95CC-4572-9244-E7AD76403306}.Release|Any CPU.Build.0 = Release|Any CPU
		{ED48E617-C171-42FD-A670-CD1188FF0182}.Debug|Any CPU.ActiveCfg = Debug|Any CPU
		{ED48E617-C171-42FD-A670-CD1188FF0182}.Debug|Any CPU.Build.0 = Debug|Any CPU
		{ED48E617-C171-42FD-A670-CD1188FF0182}.Release|Any CPU.ActiveCfg = Release|Any CPU
		{ED48E617-C171-42FD-A670-CD1188FF0182}.Release|Any CPU.Build.0 = Release|Any CPU
		{F91A1038-0FEB-4F4D-AE80-DE9E6800AFE9}.Debug|Any CPU.ActiveCfg = Debug|Any CPU
		{F91A1038-0FEB-4F4D-AE80-DE9E6800AFE9}.Debug|Any CPU.Build.0 = Debug|Any CPU
		{F91A1038-0FEB-4F4D-AE80-DE9E6800AFE9}.Release|Any CPU.ActiveCfg = Release|Any CPU
		{F91A1038-0FEB-4F4D-AE80-DE9E6800AFE9}.Release|Any CPU.Build.0 = Release|Any CPU
		{B4821A5C-B36F-4635-B42F-3935C258A5C3}.Debug|Any CPU.ActiveCfg = Debug|Any CPU
		{B4821A5C-B36F-4635-B42F-3935C258A5C3}.Debug|Any CPU.Build.0 = Debug|Any CPU
		{B4821A5C-B36F-4635-B42F-3935C258A5C3}.Release|Any CPU.ActiveCfg = Release|Any CPU
		{B4821A5C-B36F-4635-B42F-3935C258A5C3}.Release|Any CPU.Build.0 = Release|Any CPU
		{5B201DDE-6732-4E26-930B-77A76198A5D2}.Debug|Any CPU.ActiveCfg = Debug|Any CPU
		{5B201DDE-6732-4E26-930B-77A76198A5D2}.Debug|Any CPU.Build.0 = Debug|Any CPU
		{5B201DDE-6732-4E26-930B-77A76198A5D2}.Release|Any CPU.ActiveCfg = Release|Any CPU
		{5B201DDE-6732-4E26-930B-77A76198A5D2}.Release|Any CPU.Build.0 = Release|Any CPU
	EndGlobalSection
	GlobalSection(SolutionProperties) = preSolution
		HideSolutionNode = FALSE
	EndGlobalSection
	GlobalSection(NestedProjects) = preSolution
		{00AA8EB7-95CC-4572-9244-E7AD76403306} = {2454E7EF-31DE-44EC-B71F-3EE47AAEDF17}
		{ED48E617-C171-42FD-A670-CD1188FF0182} = {2454E7EF-31DE-44EC-B71F-3EE47AAEDF17}
		{B4821A5C-B36F-4635-B42F-3935C258A5C3} = {758E59F7-4AD3-41C4-B6A8-E61BE6EF586A}
		{5B201DDE-6732-4E26-930B-77A76198A5D2} = {758E59F7-4AD3-41C4-B6A8-E61BE6EF586A}
	EndGlobalSection
	GlobalSection(ExtensibilityGlobals) = postSolution
		SolutionGuid = {B12F64FB-5E30-4DF7-A75C-10D124112846}
	EndGlobalSection
EndGlobal
